{
  "name": "webapp",
  "version": "1.0.0",
  "lockfileVersion": 3,
  "requires": true,
  "packages": {
    "": {
      "name": "webapp",
      "version": "1.0.0",
      "dependencies": {
        "@webapp/tokens": "^1.0.0",
        "better-sqlite3": "^11.3.0",
        "core-js": "^3.38.1",
        "esbuild": "^0.21.5",
        "fsevents": "^2.3.3",
        "left-pad": "^1.3.0",
        "native-keychain": "^1.4.2",
        "sharp": "^0.33.4",
        "tiny-notifier": "^2.0.1"
      },
      "devDependencies": {
        "husky": "^4.3.8"
      }
    },
    "node_modules/@webapp/tokens": {
      "version": "1.0.0"
    },
    "node_modules/better-sqlite3": {
      "version": "11.3.0",
      "hasInstallScript": true
    },
    "node_modules/core-js": {
      "version": "3.38.1",
      "hasInstallScript": true
    },
    "node_modules/esbuild": {
      "version": "0.21.5",
      "hasInstallScript": true
    },
    "node_modules/fsevents": {
      "version": "2.3.3",
      "hasInstallScript": true,
      "optional": true,
      "os": ["darwin"]
    },
    "node_modules/husky": {
      "version": "4.3.8",
      "hasInstallScript": true,
      "dev": true
    },
    "node_modules/left-pad": {
      "version": "1.3.0"
    },
    "node_modules/native-keychain": {
      "version": "1.4.2",
      "hasInstallScript": true
    },
    "node_modules/sharp": {
      "version": "0.33.4",
      "hasInstallScript": true
    },
    "node_modules/tiny-notifier": {
      "version": "2.0.1",
      "hasInstallScript": true
    }
  }
}
